
Microsoft Visual Studio Solution File, Format Version 12.00
# Visual Studio Version 17
VisualStudioVersion = 17.5.33502.453
MinimumVisualStudioVersion = 10.0.40219.1
Project("{FAE04EC0-301F-11D3-BF4B-00C04F79EFBC}") = "FuncionárioDados", "FuncionárioDados.csproj", "{64BD442B-7713-4D84-9A07-3080F8477AA5}"
EndProject
Global
	GlobalSection(SolutionConfigurationPlatforms) = preSolution
		Debug|Any CPU = Debug|Any CPU
		Release|Any CPU = Release|Any CPU
	EndGlobalSection
	GlobalSection(ProjectConfigurationPlatforms) = postSolution
		{64BD442B-7713-4D84-9A07-3080F8477AA5}.Debug|Any CPU.ActiveCfg = Debug|Any CPU
		{64BD442B-7713-4D84-9A07-3080F8477AA5}.Debug|Any CPU.Build.0 = Debug|Any CPU
		{64BD442B-7713-4D84-9A07-3080F8477AA5}.Release|Any CPU.ActiveCfg = Release|Any CPU
		{64BD442B-7713-4D84-9A07-3080F8477AA5}.Release|Any CPU.Build.0 = Release|Any CPU
	EndGlobalSection
	GlobalSection(SolutionProperties) = preSolution
		HideSolutionNode = FALSE
	EndGlobalSection
	GlobalSection(ExtensibilityGlobals) = postSolution
		SolutionGuid = {82A7BA46-FF9C-4D82-AEFE-F00E89F7F1F8}
	EndGlobalSection
EndGlobal
